
Microsoft Visual Studio Solution File, Format Version 12.00
# Visual Studio 14
VisualStudioVersion = 14.0.22823.1
MinimumVisualStudioVersion = 10.0.40219.1
Project("{FAE04EC0-301F-11D3-BF4B-00C04F79EFBC}") = "ZAProxy", "ZAProxy\ZAProxy.csproj", "{848BE1DB-829C-48BF-A8CE-FDE6A74F95E3}"
EndProject
Project("{FAE04EC0-301F-11D3-BF4B-00C04F79EFBC}") = "ZAProxy.Tests", "ZAProxy.Tests\ZAProxy.Tests.csproj", "{97E513C7-31F2-4BDB-9036-66F2307D9E9E}"
EndProject
Global
	GlobalSection(SolutionConfigurationPlatforms) = preSolution
		Debug|Any CPU = Debug|Any CPU
		Release|Any CPU = Release|Any CPU
	EndGlobalSection
	GlobalSection(ProjectConfigurationPlatforms) = postSolution
		{848BE1DB-829C-48BF-A8CE-FDE6A74F95E3}.Debug|Any CPU.ActiveCfg = Debug|Any CPU
		{848BE1DB-829C-48BF-A8CE-FDE6A74F95E3}.Debug|Any CPU.Build.0 = Debug|Any CPU
		{848BE1DB-829C-48BF-A8CE-FDE6A74F95E3}.Release|Any CPU.ActiveCfg = Release|Any CPU
		{848BE1DB-829C-48BF-A8CE-FDE6A74F95E3}.Release|Any CPU.Build.0 = Release|Any CPU
		{97E513C7-31F2-4BDB-9036-66F2307D9E9E}.Debug|Any CPU.ActiveCfg = Debug|Any CPU
		{97E513C7-31F2-4BDB-9036-66F2307D9E9E}.Debug|Any CPU.Build.0 = Debug|Any CPU
		{97E513C7-31F2-4BDB-9036-66F2307D9E9E}.Release|Any CPU.ActiveCfg = Release|Any CPU
		{97E513C7-31F2-4BDB-9036-66F2307D9E9E}.Release|Any CPU.Build.0 = Release|Any CPU
	EndGlobalSection
	GlobalSection(SolutionProperties) = preSolution
		HideSolutionNode = FALSE
	EndGlobalSection
EndGlobal
